
Microsoft Visual Studio Solution File, Format Version 12.00
# Visual Studio Version 17
VisualStudioVersion = 17.13.35931.197
MinimumVisualStudioVersion = 10.0.40219.1
Project("{FAE04EC0-301F-11D3-BF4B-00C04F79EFBC}") = "CollectionsDemo", "CollectionsDemo\CollectionsDemo.csproj", "{0C82D551-7787-4F6D-AB84-9ABFD6106A52}"
EndProject
Project("{FAE04EC0-301F-11D3-BF4B-00C04F79EFBC}") = "LnW.DotNet.Collections.Generic", "LnW.DotNet.Collections.Generic\LnW.DotNet.Collections.Generic.csproj", "{B3001B0D-B799-4308-AA41-C51DAC39DEE0}"
EndProject
Project("{FAE04EC0-301F-11D3-BF4B-00C04F79EFBC}") = "LnW.DotNet.Collections.Generic.Extensions", "LnW.DotNet.Collections.Generic.Extensions\LnW.DotNet.Collections.Generic.Extensions.csproj", "{8320A7A0-9AFF-4A67-990B-2A1CB61AF167}"
EndProject
Project("{FAE04EC0-301F-11D3-BF4B-00C04F79EFBC}") = "SortingDemo", "SortingDemo\SortingDemo.csproj", "{B735C112-BEE3-4323-B11A-69007F3ED686}"
EndProject
Global
	GlobalSection(SolutionConfigurationPlatforms) = preSolution
		Debug|Any CPU = Debug|Any CPU
		Release|Any CPU = Release|Any CPU
	EndGlobalSection
	GlobalSection(ProjectConfigurationPlatforms) = postSolution
		{0C82D551-7787-4F6D-AB84-9ABFD6106A52}.Debug|Any CPU.ActiveCfg = Debug|Any CPU
		{0C82D551-7787-4F6D-AB84-9ABFD6106A52}.Debug|Any CPU.Build.0 = Debug|Any CPU
		{0C82D551-7787-4F6D-AB84-9ABFD6106A52}.Release|Any CPU.ActiveCfg = Release|Any CPU
		{0C82D551-7787-4F6D-AB84-9ABFD6106A52}.Release|Any CPU.Build.0 = Release|Any CPU
		{B3001B0D-B799-4308-AA41-C51DAC39DEE0}.Debug|Any CPU.ActiveCfg = Debug|Any CPU
		{B3001B0D-B799-4308-AA41-C51DAC39DEE0}.Debug|Any CPU.Build.0 = Debug|Any CPU
		{B3001B0D-B799-4308-AA41-C51DAC39DEE0}.Release|Any CPU.ActiveCfg = Release|Any CPU
		{B3001B0D-B799-4308-AA41-C51DAC39DEE0}.Release|Any CPU.Build.0 = Release|Any CPU
		{8320A7A0-9AFF-4A67-990B-2A1CB61AF167}.Debug|Any CPU.ActiveCfg = Debug|Any CPU
		{8320A7A0-9AFF-4A67-990B-2A1CB61AF167}.Debug|Any CPU.Build.0 = Debug|Any CPU
		{8320A7A0-9AFF-4A67-990B-2A1CB61AF167}.Release|Any CPU.ActiveCfg = Release|Any CPU
		{8320A7A0-9AFF-4A67-990B-2A1CB61AF167}.Release|Any CPU.Build.0 = Release|Any CPU
		{B735C112-BEE3-4323-B11A-69007F3ED686}.Debug|Any CPU.ActiveCfg = Debug|Any CPU
		{B735C112-BEE3-4323-B11A-69007F3ED686}.Debug|Any CPU.Build.0 = Debug|Any CPU
		{B735C112-BEE3-4323-B11A-69007F3ED686}.Release|Any CPU.ActiveCfg = Release|Any CPU
		{B735C112-BEE3-4323-B11A-69007F3ED686}.Release|Any CPU.Build.0 = Release|Any CPU
	EndGlobalSection
	GlobalSection(SolutionProperties) = preSolution
		HideSolutionNode = FALSE
	EndGlobalSection
	GlobalSection(ExtensibilityGlobals) = postSolution
		SolutionGuid = {8D44DB1F-B63B-406C-B7A2-DEC648C11813}
	EndGlobalSection
EndGlobal
